<?xml version="1.0" encoding="utf-8"?>
<Project ToolsVersion="4.0" xmlns="http://schemas.microsoft.com/developer/msbuild/2003">
  <ItemGroup>
    <Filter Include="CobaltDragonEngine">
      <UniqueIdentifier>{2B1B83D2-17FF-4328-805F-3E7B6C622EAA}</UniqueIdentifier>
    </Filter>
    <Filter Include="CobaltDragonEngine\events">
      <UniqueIdentifier>{CF3CC037-3BFF-F3C1-84AF-824EF0B0CC9F}</UniqueIdentifier>
    </Filter>
    <Filter Include="CobaltDragonEngine\input">
      <UniqueIdentifier>{8A4F8030-7674-CFB0-9FBF-B4408B43CECE}</UniqueIdentifier>
    </Filter>
    <Filter Include="Platform">
      <UniqueIdentifier>{2AC788B4-1694-E3BF-3FAD-D1672BD9184E}</UniqueIdentifier>
    </Filter>
    <Filter Include="Platform\Windows">
      <UniqueIdentifier>{64FBD71A-50F4-F66C-7926-DCF1657ED678}</UniqueIdentifier>
    </Filter>
  </ItemGroup>
  <ItemGroup>
    <ClInclude Include="src\CobaltDragonEngine.h" />
    <ClInclude Include="src\CobaltDragonEngine\Application.h">
      <Filter>CobaltDragonEngine</Filter>
    </ClInclude>
    <ClInclude Include="src\CobaltDragonEngine\Core.h">
      <Filter>CobaltDragonEngine</Filter>
    </ClInclude>
    <ClInclude Include="src\CobaltDragonEngine\EntryPoint.h">
      <Filter>CobaltDragonEngine</Filter>
    </ClInclude>
    <ClInclude Include="src\CobaltDragonEngine\Layer.h">
      <Filter>CobaltDragonEngine</Filter>
    </ClInclude>
    <ClInclude Include="src\CobaltDragonEngine\LayerStack.h">
      <Filter>CobaltDragonEngine</Filter>
    </ClInclude>
    <ClInclude Include="src\CobaltDragonEngine\Log.h">
      <Filter>CobaltDragonEngine</Filter>
    </ClInclude>
    <ClInclude Include="src\CobaltDragonEngine\Window.h">
      <Filter>CobaltDragonEngine</Filter>
    </ClInclude>
    <ClInclude Include="src\CobaltDragonEngine\events\ApplicationEvent.h">
      <Filter>CobaltDragonEngine\events</Filter>
    </ClInclude>
    <ClInclude Include="src\CobaltDragonEngine\events\Event.h">
      <Filter>CobaltDragonEngine\events</Filter>
    </ClInclude>
    <ClInclude Include="src\CobaltDragonEngine\events\EventDispatcher.h">
      <Filter>CobaltDragonEngine\events</Filter>
    </ClInclude>
    <ClInclude Include="src\CobaltDragonEngine\events\KeyEvent.h">
      <Filter>CobaltDragonEngine\events</Filter>
    </ClInclude>
    <ClInclude Include="src\CobaltDragonEngine\events\MouseEvent.h">
      <Filter>CobaltDragonEngine\events</Filter>
    </ClInclude>
    <ClInclude Include="src\CobaltDragonEngine\events\WindowEvent.h">
      <Filter>CobaltDragonEngine\events</Filter>
    </ClInclude>
    <ClInclude Include="src\CobaltDragonEngine\input\Input.h">
      <Filter>CobaltDragonEngine\input</Filter>
    </ClInclude>
    <ClInclude Include="src\CobaltDragonEngine\input\KeyCodes.h">
      <Filter>CobaltDragonEngine\input</Filter>
    </ClInclude>
    <ClInclude Include="src\CobaltDragonEngine\input\MouseCodes.h">
      <Filter>CobaltDragonEngine\input</Filter>
    </ClInclude>
    <ClInclude Include="src\Platform\Windows\WindowsInput.h">
      <Filter>Platform\Windows</Filter>
    </ClInclude>
    <ClInclude Include="src\Platform\Windows\WindowsWindow.h">
      <Filter>Platform\Windows</Filter>
    </ClInclude>
    <ClInclude Include="src\cdepch.h" />
  </ItemGroup>
  <ItemGroup>
    <ClCompile Include="src\CobaltDragonEngine\Application.cpp">
      <Filter>CobaltDragonEngine</Filter>
    </ClCompile>
    <ClCompile Include="src\CobaltDragonEngine\LayerStack.cpp">
      <Filter>CobaltDragonEngine</Filter>
    </ClCompile>
    <ClCompile Include="src\CobaltDragonEngine\Log.cpp">
      <Filter>CobaltDragonEngine</Filter>
    </ClCompile>
    <ClCompile Include="src\CobaltDragonEngine\events\ApplicationEvent.cpp">
      <Filter>CobaltDragonEngine\events</Filter>
    </ClCompile>
    <ClCompile Include="src\CobaltDragonEngine\events\KeyEvent.cpp">
      <Filter>CobaltDragonEngine\events</Filter>
    </ClCompile>
    <ClCompile Include="src\CobaltDragonEngine\events\MouseEvent.cpp">
      <Filter>CobaltDragonEngine\events</Filter>
    </ClCompile>
    <ClCompile Include="src\CobaltDragonEngine\events\WindowEvent.cpp">
      <Filter>CobaltDragonEngine\events</Filter>
    </ClCompile>
    <ClCompile Include="src\Platform\Windows\WindowsInput.cpp">
      <Filter>Platform\Windows</Filter>
    </ClCompile>
    <ClCompile Include="src\Platform\Windows\WindowsWindow.cpp">
      <Filter>Platform\Windows</Filter>
    </ClCompile>
    <ClCompile Include="src\cdepch.cpp" />
  </ItemGroup>
</Project>